<?xml version="1.0" encoding="utf-8"?>
<Project ToolsVersion="4.0" xmlns="http://schemas.microsoft.com/developer/msbuild/2003">
  <ItemGroup>
    <Filter Include="Source Files">
      <UniqueIdentifier>{4FC737F1-C7A5-4376-A066-2A32D752A2FF}</UniqueIdentifier>
      <Extensions>cpp;c;cc;cxx;def;odl;idl;hpj;bat;asm;asmx</Extensions>
    </Filter>
    <Filter Include="Header Files">
      <UniqueIdentifier>{93995380-89BD-4b04-88EB-625FBE52EBFB}</UniqueIdentifier>
      <Extensions>h;hh;hpp;hxx;hm;inl;inc;xsd</Extensions>
    </Filter>
    <Filter Include="Resource Files">
      <UniqueIdentifier>{67DA6AB6-F800-4c08-8B7A-83BB121AAD01}</UniqueIdentifier>
      <Extensions>rc;ico;cur;bmp;dlg;rc2;rct;bin;rgs;gif;jpg;jpeg;jpe;resx;tiff;tif;png;wav;mfcribbon-ms</Extensions>
    </Filter>
    <Filter Include="Camera">
      <UniqueIdentifier>{a377afdb-5b7e-45b0-bc93-1474adf3c031}</UniqueIdentifier>
    </Filter>
    <Filter Include="Graphics">
      <UniqueIdentifier>{f987dcb2-89e0-4902-95ea-cca83bdac1d5}</UniqueIdentifier>
    </Filter>
    <Filter Include="Lights">
      <UniqueIdentifier>{d103938c-67ed-4a2e-9b05-26f2273adfde}</UniqueIdentifier>
    </Filter>
    <Filter Include="Objects">
      <UniqueIdentifier>{52049c3f-698c-4a58-ae24-9fe3af6cf018}</UniqueIdentifier>
    </Filter>
    <Filter Include="Shader">
      <UniqueIdentifier>{35832cfb-9fa7-477b-a633-f05ead7c59c5}</UniqueIdentifier>
    </Filter>
    <Filter Include="Shaders">
      <UniqueIdentifier>{ae7e24a5-39ce-4879-8fc6-5f1cb0e6cf93}</UniqueIdentifier>
    </Filter>
  </ItemGroup>
  <ItemGroup>
    <ClCompile Include="main.cpp">
      <Filter>Source Files</Filter>
    </ClCompile>
    <ClCompile Include="Camera.cpp">
      <Filter>Camera</Filter>
    </ClCompile>
    <ClCompile Include="FullScreenQuad.cpp">
      <Filter>Graphics</Filter>
    </ClCompile>
    <ClCompile Include="Texture2D.cpp">
      <Filter>Graphics</Filter>
    </ClCompile>
    <ClCompile Include="Lights.cpp">
      <Filter>Lights</Filter>
    </ClCompile>
    <ClCompile Include="Shader.cpp">
      <Filter>Shader</Filter>
    </ClCompile>
  </ItemGroup>
  <ItemGroup>
    <ClInclude Include="Camera.h">
      <Filter>Camera</Filter>
    </ClInclude>
    <ClInclude Include="FullScreenQuad.h">
      <Filter>Graphics</Filter>
    </ClInclude>
    <ClInclude Include="Texture2D.h">
      <Filter>Graphics</Filter>
    </ClInclude>
    <ClInclude Include="Lights.h">
      <Filter>Lights</Filter>
    </ClInclude>
    <ClInclude Include="Plane.h">
      <Filter>Objects</Filter>
    </ClInclude>
    <ClInclude Include="Sphere.h">
      <Filter>Objects</Filter>
    </ClInclude>
    <ClInclude Include="Triangle.h">
      <Filter>Objects</Filter>
    </ClInclude>
    <ClInclude Include="Shader.h">
      <Filter>Shader</Filter>
    </ClInclude>
  </ItemGroup>
  <ItemGroup>
    <None Include="Shaders\quadShader.fs">
      <Filter>Shaders</Filter>
    </None>
    <None Include="Shaders\quadShader.vs">
      <Filter>Shaders</Filter>
    </None>
    <None Include="Shaders\tiledShading.glsl">
      <Filter>Shaders</Filter>
    </None>
  </ItemGroup>
</Project>